Microsoft Visual Studio Solution File, Format Version 12.00
# Visual Studio Version 17
VisualStudioVersion = 17.5.2.0
MinimumVisualStudioVersion = 10.0.40219.1
Project("{FAE04EC0-301F-11D3-BF4B-00C04F79EFBC}") = "Testing_Code_Csharp", "Testing_Code_Csharp\Testing_Code_Csharp.csproj", "{1B3CF7B5-DFE2-CB00-8F87-52809F1D929A}"
EndProject
Global
	GlobalSection(SolutionConfigurationPlatforms) = preSolution
		Debug|Any CPU = Debug|Any CPU
		Release|Any CPU = Release|Any CPU
	EndGlobalSection
	GlobalSection(ProjectConfigurationPlatforms) = postSolution
		{1B3CF7B5-DFE2-CB00-8F87-52809F1D929A}.Debug|Any CPU.ActiveCfg = Debug|Any CPU
		{1B3CF7B5-DFE2-CB00-8F87-52809F1D929A}.Debug|Any CPU.Build.0 = Debug|Any CPU
		{1B3CF7B5-DFE2-CB00-8F87-52809F1D929A}.Release|Any CPU.ActiveCfg = Release|Any CPU
		{1B3CF7B5-DFE2-CB00-8F87-52809F1D929A}.Release|Any CPU.Build.0 = Release|Any CPU
	EndGlobalSection
	GlobalSection(SolutionProperties) = preSolution
		HideSolutionNode = FALSE
	EndGlobalSection
	GlobalSection(ExtensibilityGlobals) = postSolution
		SolutionGuid = {32450039-93F6-48A3-BF3D-49CD2A43FC75}
	EndGlobalSection
EndGlobal
